
Microsoft Visual Studio Solution File, Format Version 12.00
# Visual Studio Version 17
VisualStudioVersion = 17.3.32819.101
MinimumVisualStudioVersion = 10.0.40219.1
Project("{2150E333-8FDC-42A3-9474-1A3956D46DE8}") = "DevTools.Core", "DevTools.Core", "{8FC11977-F6F0-4964-8BF3-9C5518EE9BBE}"
EndProject
Project("{2150E333-8FDC-42A3-9474-1A3956D46DE8}") = "DevTools.Test", "DevTools.Test", "{D6C97F04-0D4A-4486-98B4-A51F4F80569F}"
EndProject
Project("{2150E333-8FDC-42A3-9474-1A3956D46DE8}") = "DevTools.Core.Migrations", "DevTools.Core.Migrations", "{2906ABCA-8057-4B9A-9C02-8A2EC9FB0E47}"
EndProject
Project("{9A19103F-16F7-4668-BE54-9A1E7A4F7556}") = "DevTools.Core.Migrations.MySql", "ConPro.Core\ConPro.Core.Migrations\ConPro.Core.Migrations.MySql\DevTools.Core.Migrations.MySql.csproj", "{DCEA9718-3A75-4C96-AF3C-0EF3B60A327A}"
EndProject
Project("{9A19103F-16F7-4668-BE54-9A1E7A4F7556}") = "DevTools.Core.Migrations.PostgreSql", "ConPro.Core\ConPro.Core.Migrations\ConPro.Core.Migrations.PostgreSql\DevTools.Core.Migrations.PostgreSql.csproj", "{12147B43-E879-494A-9A6A-62DDA15FEC7A}"
EndProject
Project("{9A19103F-16F7-4668-BE54-9A1E7A4F7556}") = "DevTools.Core.Migrations.SqLite", "ConPro.Core\ConPro.Core.Migrations\ConPro.Core.Migrations.SqLite\DevTools.Core.Migrations.SqLite.csproj", "{D2754B83-527D-483F-82EE-4F25694F846E}"
EndProject
Project("{9A19103F-16F7-4668-BE54-9A1E7A4F7556}") = "DevTools.Core.Repository", "ConPro.Core\ConPro.Core.Repository\DevTools.Core.Repository.csproj", "{4BF839A0-E021-4358-8DA4-3E8EAD7EE17D}"
EndProject
Project("{9A19103F-16F7-4668-BE54-9A1E7A4F7556}") = "DevTools.Core.Service", "ConPro.Core\ConPro.Core.Services\DevTools.Core.Service.csproj", "{045510BF-3840-4057-B706-C12EF816AD68}"
EndProject
Project("{2150E333-8FDC-42A3-9474-1A3956D46DE8}") = "Itens de Solução", "Itens de Solução", "{BC4575F8-DF4C-4FA1-989E-C019DE2ADE52}"
	ProjectSection(SolutionItems) = preProject
		Dockerfile = Dockerfile
		.github\workflows\dotnet.yml = .github\workflows\dotnet.yml
	EndProjectSection
EndProject
Project("{9A19103F-16F7-4668-BE54-9A1E7A4F7556}") = "DevTools.Test.Core", "ConPro.Test\ConPro.Test.Core\DevTools.Test.Core.csproj", "{30A96DF2-D53D-4A6F-8F03-66F96881E96C}"
EndProject
Project("{9A19103F-16F7-4668-BE54-9A1E7A4F7556}") = "DevTools.Core.Migrations.App", "ConPro.Core\ConPro.Core.Migrations\ConPro.Core.Migrations.App\DevTools.Core.Migrations.App.csproj", "{4E51D5EC-BE87-4C56-BA4E-95F6BAD69ED5}"
EndProject
Project("{9A19103F-16F7-4668-BE54-9A1E7A4F7556}") = "DevTools.Api", "ConPro.Api\DevTools.Api.csproj", "{FDEB8AAD-D2F3-4946-8B85-9914905E9695}"
EndProject
Project("{9A19103F-16F7-4668-BE54-9A1E7A4F7556}") = "DevTools.Core.Domain", "ConPro.Core\ConPro.Core.Model\DevTools.Core.Domain.csproj", "{A2BAE607-8357-4DAC-8EFD-F7863B218BA9}"
EndProject
Project("{9A19103F-16F7-4668-BE54-9A1E7A4F7556}") = "DevTools.Core.Migrations.SqlServer", "ConPro.Core\ConPro.Core.Migrations\ConPro.Core.Migrations.SqlServer\DevTools.Core.Migrations.SqlServer.csproj", "{10074DD1-89B2-4071-911A-FC27558A7F63}"
EndProject
Global
	GlobalSection(SolutionConfigurationPlatforms) = preSolution
		Debug|Any CPU = Debug|Any CPU
		Release|Any CPU = Release|Any CPU
	EndGlobalSection
	GlobalSection(ProjectConfigurationPlatforms) = postSolution
		{DCEA9718-3A75-4C96-AF3C-0EF3B60A327A}.Debug|Any CPU.ActiveCfg = Debug|Any CPU
		{DCEA9718-3A75-4C96-AF3C-0EF3B60A327A}.Debug|Any CPU.Build.0 = Debug|Any CPU
		{DCEA9718-3A75-4C96-AF3C-0EF3B60A327A}.Release|Any CPU.ActiveCfg = Release|Any CPU
		{DCEA9718-3A75-4C96-AF3C-0EF3B60A327A}.Release|Any CPU.Build.0 = Release|Any CPU
		{12147B43-E879-494A-9A6A-62DDA15FEC7A}.Debug|Any CPU.ActiveCfg = Debug|Any CPU
		{12147B43-E879-494A-9A6A-62DDA15FEC7A}.Debug|Any CPU.Build.0 = Debug|Any CPU
		{12147B43-E879-494A-9A6A-62DDA15FEC7A}.Release|Any CPU.ActiveCfg = Release|Any CPU
		{12147B43-E879-494A-9A6A-62DDA15FEC7A}.Release|Any CPU.Build.0 = Release|Any CPU
		{D2754B83-527D-483F-82EE-4F25694F846E}.Debug|Any CPU.ActiveCfg = Debug|Any CPU
		{D2754B83-527D-483F-82EE-4F25694F846E}.Debug|Any CPU.Build.0 = Debug|Any CPU
		{D2754B83-527D-483F-82EE-4F25694F846E}.Release|Any CPU.ActiveCfg = Release|Any CPU
		{D2754B83-527D-483F-82EE-4F25694F846E}.Release|Any CPU.Build.0 = Release|Any CPU
		{4BF839A0-E021-4358-8DA4-3E8EAD7EE17D}.Debug|Any CPU.ActiveCfg = Debug|Any CPU
		{4BF839A0-E021-4358-8DA4-3E8EAD7EE17D}.Debug|Any CPU.Build.0 = Debug|Any CPU
		{4BF839A0-E021-4358-8DA4-3E8EAD7EE17D}.Release|Any CPU.ActiveCfg = Release|Any CPU
		{4BF839A0-E021-4358-8DA4-3E8EAD7EE17D}.Release|Any CPU.Build.0 = Release|Any CPU
		{045510BF-3840-4057-B706-C12EF816AD68}.Debug|Any CPU.ActiveCfg = Debug|Any CPU
		{045510BF-3840-4057-B706-C12EF816AD68}.Debug|Any CPU.Build.0 = Debug|Any CPU
		{045510BF-3840-4057-B706-C12EF816AD68}.Release|Any CPU.ActiveCfg = Release|Any CPU
		{045510BF-3840-4057-B706-C12EF816AD68}.Release|Any CPU.Build.0 = Release|Any CPU
		{30A96DF2-D53D-4A6F-8F03-66F96881E96C}.Debug|Any CPU.ActiveCfg = Debug|Any CPU
		{30A96DF2-D53D-4A6F-8F03-66F96881E96C}.Debug|Any CPU.Build.0 = Debug|Any CPU
		{30A96DF2-D53D-4A6F-8F03-66F96881E96C}.Release|Any CPU.ActiveCfg = Release|Any CPU
		{30A96DF2-D53D-4A6F-8F03-66F96881E96C}.Release|Any CPU.Build.0 = Release|Any CPU
		{4E51D5EC-BE87-4C56-BA4E-95F6BAD69ED5}.Debug|Any CPU.ActiveCfg = Debug|Any CPU
		{4E51D5EC-BE87-4C56-BA4E-95F6BAD69ED5}.Debug|Any CPU.Build.0 = Debug|Any CPU
		{4E51D5EC-BE87-4C56-BA4E-95F6BAD69ED5}.Release|Any CPU.ActiveCfg = Release|Any CPU
		{4E51D5EC-BE87-4C56-BA4E-95F6BAD69ED5}.Release|Any CPU.Build.0 = Release|Any CPU
		{FDEB8AAD-D2F3-4946-8B85-9914905E9695}.Debug|Any CPU.ActiveCfg = Debug|Any CPU
		{FDEB8AAD-D2F3-4946-8B85-9914905E9695}.Debug|Any CPU.Build.0 = Debug|Any CPU
		{FDEB8AAD-D2F3-4946-8B85-9914905E9695}.Release|Any CPU.ActiveCfg = Release|Any CPU
		{FDEB8AAD-D2F3-4946-8B85-9914905E9695}.Release|Any CPU.Build.0 = Release|Any CPU
		{A2BAE607-8357-4DAC-8EFD-F7863B218BA9}.Debug|Any CPU.ActiveCfg = Debug|Any CPU
		{A2BAE607-8357-4DAC-8EFD-F7863B218BA9}.Debug|Any CPU.Build.0 = Debug|Any CPU
		{A2BAE607-8357-4DAC-8EFD-F7863B218BA9}.Release|Any CPU.ActiveCfg = Release|Any CPU
		{A2BAE607-8357-4DAC-8EFD-F7863B218BA9}.Release|Any CPU.Build.0 = Release|Any CPU
		{10074DD1-89B2-4071-911A-FC27558A7F63}.Debug|Any CPU.ActiveCfg = Debug|Any CPU
		{10074DD1-89B2-4071-911A-FC27558A7F63}.Debug|Any CPU.Build.0 = Debug|Any CPU
		{10074DD1-89B2-4071-911A-FC27558A7F63}.Release|Any CPU.ActiveCfg = Release|Any CPU
		{10074DD1-89B2-4071-911A-FC27558A7F63}.Release|Any CPU.Build.0 = Release|Any CPU
	EndGlobalSection
	GlobalSection(SolutionProperties) = preSolution
		HideSolutionNode = FALSE
	EndGlobalSection
	GlobalSection(NestedProjects) = preSolution
		{2906ABCA-8057-4B9A-9C02-8A2EC9FB0E47} = {8FC11977-F6F0-4964-8BF3-9C5518EE9BBE}
		{DCEA9718-3A75-4C96-AF3C-0EF3B60A327A} = {2906ABCA-8057-4B9A-9C02-8A2EC9FB0E47}
		{12147B43-E879-494A-9A6A-62DDA15FEC7A} = {2906ABCA-8057-4B9A-9C02-8A2EC9FB0E47}
		{D2754B83-527D-483F-82EE-4F25694F846E} = {2906ABCA-8057-4B9A-9C02-8A2EC9FB0E47}
		{4BF839A0-E021-4358-8DA4-3E8EAD7EE17D} = {8FC11977-F6F0-4964-8BF3-9C5518EE9BBE}
		{045510BF-3840-4057-B706-C12EF816AD68} = {8FC11977-F6F0-4964-8BF3-9C5518EE9BBE}
		{30A96DF2-D53D-4A6F-8F03-66F96881E96C} = {D6C97F04-0D4A-4486-98B4-A51F4F80569F}
		{4E51D5EC-BE87-4C56-BA4E-95F6BAD69ED5} = {2906ABCA-8057-4B9A-9C02-8A2EC9FB0E47}
		{A2BAE607-8357-4DAC-8EFD-F7863B218BA9} = {8FC11977-F6F0-4964-8BF3-9C5518EE9BBE}
		{10074DD1-89B2-4071-911A-FC27558A7F63} = {2906ABCA-8057-4B9A-9C02-8A2EC9FB0E47}
	EndGlobalSection
	GlobalSection(ExtensibilityGlobals) = postSolution
		SolutionGuid = {EBDCF56B-D264-442C-89F9-FA51DECA0524}
	EndGlobalSection
EndGlobal
